{
	"name": "enduro_new_project",
	"version": "1.0.0",
	"lockfileVersion": 1,
	"requires": true,
	"dependencies": {
		"enduro_quill": {
			"version": "1.0.6",
			"resolved": "https://registry.npmjs.org/enduro_quill/-/enduro_quill-1.0.6.tgz",
			"integrity": "sha512-Y9m24ek2R70s0IpU497ynCvSkg0tTaE/LglZywL4OQgw3s+j27toPbOuOZJarILknydV1fVVjlIL3FtPLIqHLQ=="
		}
	}
}
